
Microsoft Visual Studio Solution File, Format Version 12.00
# Visual Studio Version 17
VisualStudioVersion = 17.7.34221.43
MinimumVisualStudioVersion = 10.0.40219.1
Project("{778DAE3C-4631-46EA-AA77-85C1314464D9}") = "WinFormsApp2", "WinFormsApp2\WinFormsApp2.vbproj", "{9D167EE4-C552-495B-88C7-6ED2EB27FE21}"
EndProject
Global
	GlobalSection(SolutionConfigurationPlatforms) = preSolution
		Debug|Any CPU = Debug|Any CPU
		Debug|x64 = Debug|x64
		Debug|x86 = Debug|x86
		Release|Any CPU = Release|Any CPU
		Release|x64 = Release|x64
		Release|x86 = Release|x86
	EndGlobalSection
	GlobalSection(ProjectConfigurationPlatforms) = postSolution
		{9D167EE4-C552-495B-88C7-6ED2EB27FE21}.Debug|Any CPU.ActiveCfg = Debug|Any CPU
		{9D167EE4-C552-495B-88C7-6ED2EB27FE21}.Debug|Any CPU.Build.0 = Debug|Any CPU
		{9D167EE4-C552-495B-88C7-6ED2EB27FE21}.Debug|x64.ActiveCfg = Debug|x64
		{9D167EE4-C552-495B-88C7-6ED2EB27FE21}.Debug|x64.Build.0 = Debug|x64
		{9D167EE4-C552-495B-88C7-6ED2EB27FE21}.Debug|x86.ActiveCfg = Debug|x86
		{9D167EE4-C552-495B-88C7-6ED2EB27FE21}.Debug|x86.Build.0 = Debug|x86
		{9D167EE4-C552-495B-88C7-6ED2EB27FE21}.Release|Any CPU.ActiveCfg = Release|Any CPU
		{9D167EE4-C552-495B-88C7-6ED2EB27FE21}.Release|Any CPU.Build.0 = Release|Any CPU
		{9D167EE4-C552-495B-88C7-6ED2EB27FE21}.Release|x64.ActiveCfg = Release|x64
		{9D167EE4-C552-495B-88C7-6ED2EB27FE21}.Release|x64.Build.0 = Release|x64
		{9D167EE4-C552-495B-88C7-6ED2EB27FE21}.Release|x86.ActiveCfg = Release|x86
		{9D167EE4-C552-495B-88C7-6ED2EB27FE21}.Release|x86.Build.0 = Release|x86
	EndGlobalSection
	GlobalSection(SolutionProperties) = preSolution
		HideSolutionNode = FALSE
	EndGlobalSection
	GlobalSection(ExtensibilityGlobals) = postSolution
		SolutionGuid = {98848167-23F5-4D03-9CB7-A0BEA820EE96}
	EndGlobalSection
EndGlobal
